{
  "name": "ai-lab",
  "version": "1.0.0",
  "lockfileVersion": 3,
  "requires": true,
  "packages": {
    "": {
      "name": "ai-lab",
      "version": "1.0.0",
      "dependencies": {
        "@anthropic-ai/sdk": "^0.55.0"
      }
    },
    "node_modules/@anthropic-ai/sdk": {
      "version": "0.55.1",
      "resolved": "https://registry.npmjs.org/@anthropic-ai/sdk/-/sdk-0.55.1.tgz",
      "integrity": "sha512-gjOMS4chmm8BxClKmCjNHmvf1FrO1Cn++CSX6K3YCZjz5JG4I9ZttQ/xEH4FBsz6HQyZvnUpiKlOAkmxaGmEaQ==",
      "license": "MIT",
      "bin": {
        "anthropic-ai-sdk": "bin/cli"
      }
    }
  }
}
